
Microsoft Visual Studio Solution File, Format Version 12.00
# Visual Studio Version 16
VisualStudioVersion = 16.0.29709.97
MinimumVisualStudioVersion = 10.0.40219.1
Project("{9A19103F-16F7-4668-BE54-9A1E7A4F7556}") = "Basic-Entity-Framework", "OAuth-Boilerplates\Basic-Entity-Framework.csproj", "{9451F708-3AF0-460E-A408-38D5B2E3BF19}"
EndProject
Global
	GlobalSection(SolutionConfigurationPlatforms) = preSolution
		Debug|Any CPU = Debug|Any CPU
		Release|Any CPU = Release|Any CPU
	EndGlobalSection
	GlobalSection(ProjectConfigurationPlatforms) = postSolution
		{9451F708-3AF0-460E-A408-38D5B2E3BF19}.Debug|Any CPU.ActiveCfg = Debug|Any CPU
		{9451F708-3AF0-460E-A408-38D5B2E3BF19}.Debug|Any CPU.Build.0 = Debug|Any CPU
		{9451F708-3AF0-460E-A408-38D5B2E3BF19}.Release|Any CPU.ActiveCfg = Release|Any CPU
		{9451F708-3AF0-460E-A408-38D5B2E3BF19}.Release|Any CPU.Build.0 = Release|Any CPU
	EndGlobalSection
	GlobalSection(SolutionProperties) = preSolution
		HideSolutionNode = FALSE
	EndGlobalSection
	GlobalSection(ExtensibilityGlobals) = postSolution
		SolutionGuid = {AFCC1A77-4CB3-4C66-ACDF-83A3E1410EBE}
	EndGlobalSection
EndGlobal
